github.com/go-chi/chi/v5 v5.2.5 h1:Eg4myHZBjyvJmAFjFvWgrqDTXFyOzjj7YIm3L3mu6Ug=
github.com/go-chi/chi/v5 v5.2.5/go.mod h1:X7Gx4mteadT3eDOMTsXzmI4/rwUpOwBHLpAfupzFJP0=
libvirt.org/go/libvirt v1.11010.0 h1:1EIh2x6qcRoIBBOvrgN62vq5FIpgUBrmGadprQ/4M0Y=
libvirt.org/go/libvirt v1.11010.0/go.mod h1:1WiFE8EjZfq+FCVog+rvr1yatKbKZ9FaFMZgEqxEJqQ=
